// !$*UTF8*$!
{
	archiveVersion = 1;
	classes = {
	};
	objectVersion = 46;
	objects = {

/* Begin PBXBuildFile section */
		83163C111711C7BE0004C35E /* fc_menu_icons.icns in Resources */ = {isa = PBXBuildFile; fileRef = 83163C101711C7BE0004C35E /* fc_menu_icons.icns */; };
		8333CAE6174322F700383AD7 /* Foundation.framework in Frameworks */ = {isa = PBXBuildFile; fileRef = 8333CAE5174322F700383AD7 /* Foundation.framework */; };
		8333CAE9174322F700383AD7 /* main.m in Sources */ = {isa = PBXBuildFile; fileRef = 8333CAE8174322F700383AD7 /* main.m */; };
		8333CAF3174323D500383AD7 /* LoginItem.m in Sources */ = {isa = PBXBuildFile; fileRef = 8333CAF2174323D500383AD7 /* LoginItem.m */; };
		8333CAF51743268500383AD7 /* manage-login-item in CopyFiles */ = {isa = PBXBuildFile; fileRef = 8333CAE4174322F700383AD7 /* manage-login-item */; };
		8333CAF91743288400383AD7 /* ApplicationServices.framework in Frameworks */ = {isa = PBXBuildFile; fileRef = 8333CAF81743288400383AD7 /* ApplicationServices.framework */; };
		8333CAFA1743310C00383AD7 /* SecurityFoundation.framework in Frameworks */ = {isa = PBXBuildFile; fileRef = 83E7E8D117360A6B0026046F /* SecurityFoundation.framework */; };
		833B965116B0CA4100C2A017 /* Cocoa.framework in Frameworks */ = {isa = PBXBuildFile; fileRef = 833B965016B0CA4100C2A017 /* Cocoa.framework */; };
		8359014916D30A5D0093F03A /* Credits.rtf in Resources */ = {isa = PBXBuildFile; fileRef = 8359013916D30A5D0093F03A /* Credits.rtf */; };
		8359014A16D30A5D0093F03A /* InfoPlist.strings in Resources */ = {isa = PBXBuildFile; fileRef = 8359013B16D30A5D0093F03A /* InfoPlist.strings */; };
		8359014B16D30A5D0093F03A /* FCAppDelegate.m in Sources */ = {isa = PBXBuildFile; fileRef = 8359013E16D30A5D0093F03A /* FCAppDelegate.m */; };
		8359014C16D30A5D0093F03A /* FCMenuItemDelegate.m in Sources */ = {isa = PBXBuildFile; fileRef = 8359014016D30A5D0093F03A /* FCMenuItemDelegate.m */; };
		8359014D16D30A5D0093F03A /* FCMenuItemView.m in Sources */ = {isa = PBXBuildFile; fileRef = 8359014216D30A5D0093F03A /* FCMenuItemView.m */; };
		8359014F16D30A5D0093F03A /* main.m in Sources */ = {isa = PBXBuildFile; fileRef = 8359014516D30A5D0093F03A /* main.m */; };
		8359015816D30A6F0093F03A /* alt-icon.png in Resources */ = {isa = PBXBuildFile; fileRef = 8359015216D30A6F0093F03A /* alt-icon.png */; };
		8359015916D30A6F0093F03A /* alt-icon@2x.png in Resources */ = {isa = PBXBuildFile; fileRef = 8359015316D30A6F0093F03A /* alt-icon@2x.png */; };
		8359015A16D30A6F0093F03A /* icon.png in Resources */ = {isa = PBXBuildFile; fileRef = 8359015416D30A6F0093F03A /* icon.png */; };
		8359015B16D30A6F0093F03A /* icon@2x.png in Resources */ = {isa = PBXBuildFile; fileRef = 8359015516D30A6F0093F03A /* icon@2x.png */; };
		83E7E8D217360A6B0026046F /* SecurityFoundation.framework in Frameworks */ = {isa = PBXBuildFile; fileRef = 83E7E8D117360A6B0026046F /* SecurityFoundation.framework */; };
		83E7E8E717373AE70026046F /* Sparkle.framework in Frameworks */ = {isa = PBXBuildFile; fileRef = 83E7E8DC17373A440026046F /* Sparkle.framework */; };
		83E7E8E817373AFC0026046F /* Sparkle.framework in CopyFiles */ = {isa = PBXBuildFile; fileRef = 83E7E8DC17373A440026046F /* Sparkle.framework */; };
		83FED5DA17123A5100ABDDFF /* Layout in Resources */ = {isa = PBXBuildFile; fileRef = 83FED5D917123A5100ABDDFF /* Layout */; };
/* End PBXBuildFile section */

/* Begin PBXContainerItemProxy section */
		83E7E8DB17373A440026046F /* PBXContainerItemProxy */ = {
			isa = PBXContainerItemProxy;
			containerPortal = 83E7E8D317373A430026046F /* Sparkle.xcodeproj */;
			proxyType = 2;
			remoteGlobalIDString = 8DC2EF5B0486A6940098B216;
			remoteInfo = Sparkle;
		};
		83E7E8DD17373A440026046F /* PBXContainerItemProxy */ = {
			isa = PBXContainerItemProxy;
			containerPortal = 83E7E8D317373A430026046F /* Sparkle.xcodeproj */;
			proxyType = 2;
			remoteGlobalIDString = 61B5F90209C4CEE200B25A18;
			remoteInfo = "Sparkle Test App";
		};
		83E7E8DF17373A440026046F /* PBXContainerItemProxy */ = {
			isa = PBXContainerItemProxy;
			containerPortal = 83E7E8D317373A430026046F /* Sparkle.xcodeproj */;
			proxyType = 2;
			remoteGlobalIDString = 612279D90DB5470200AB99EA;
			remoteInfo = "Sparkle Unit Tests";
		};
		83E7E8E117373A440026046F /* PBXContainerItemProxy */ = {
			isa = PBXContainerItemProxy;
			containerPortal = 83E7E8D317373A430026046F /* Sparkle.xcodeproj */;
			proxyType = 2;
			remoteGlobalIDString = 5D06E8D00FD68C7C005AE3F6;
			remoteInfo = BinaryDelta;
		};
		83E7E8E317373A440026046F /* PBXContainerItemProxy */ = {
			isa = PBXContainerItemProxy;
			containerPortal = 83E7E8D317373A430026046F /* Sparkle.xcodeproj */;
			proxyType = 2;
			remoteGlobalIDString = 55C14BB7136EEF1500649790;
			remoteInfo = finish_installation;
		};
		83E7E8E517373ADA0026046F /* PBXContainerItemProxy */ = {
			isa = PBXContainerItemProxy;
			containerPortal = 83E7E8D317373A430026046F /* Sparkle.xcodeproj */;
			proxyType = 1;
			remoteGlobalIDString = 8DC2EF4F0486A6940098B216;
			remoteInfo = Sparkle;
		};
/* End PBXContainerItemProxy section */

/* Begin PBXCopyFilesBuildPhase section */
		831FDCDB16FE1E8B00AED851 /* CopyFiles */ = {
			isa = PBXCopyFilesBuildPhase;
			buildActionMask = 2147483647;
			dstPath = "";
			dstSubfolderSpec = 10;
			files = (
				83E7E8E817373AFC0026046F /* Sparkle.framework in CopyFiles */,
			);
			runOnlyForDeploymentPostprocessing = 0;
		};
		8333CAF41743266900383AD7 /* CopyFiles */ = {
			isa = PBXCopyFilesBuildPhase;
			buildActionMask = 2147483647;
			dstPath = "";
			dstSubfolderSpec = 6;
			files = (
				8333CAF51743268500383AD7 /* manage-login-item in CopyFiles */,
			);
			runOnlyForDeploymentPostprocessing = 0;
		};
/* End PBXCopyFilesBuildPhase section */

/* Begin PBXFileReference section */
		83163C101711C7BE0004C35E /* fc_menu_icons.icns */ = {isa = PBXFileReference; lastKnownFileType = image.icns; path = fc_menu_icons.icns; sourceTree = "<group>"; };
		8333CAD3174321E400383AD7 /* CoreFoundation.framework */ = {isa = PBXFileReference; lastKnownFileType = wrapper.framework; name = CoreFoundation.framework; path = System/Library/Frameworks/CoreFoundation.framework; sourceTree = SDKROOT; };
		8333CAE4174322F700383AD7 /* manage-login-item */ = {isa = PBXFileReference; explicitFileType = "compiled.mach-o.executable"; includeInIndex = 0; path = "manage-login-item"; sourceTree = BUILT_PRODUCTS_DIR; };
		8333CAE5174322F700383AD7 /* Foundation.framework */ = {isa = PBXFileReference; lastKnownFileType = wrapper.framework; name = Foundation.framework; path = System/Library/Frameworks/Foundation.framework; sourceTree = SDKROOT; };
		8333CAE8174322F700383AD7 /* main.m */ = {isa = PBXFileReference; lastKnownFileType = sourcecode.c.objc; path = main.m; sourceTree = "<group>"; };
		8333CAEB174322F700383AD7 /* Login Item-Prefix.pch */ = {isa = PBXFileReference; lastKnownFileType = sourcecode.c.h; path = "Login Item-Prefix.pch"; sourceTree = "<group>"; };
		8333CAF11743237E00383AD7 /* LoginItem.h */ = {isa = PBXFileReference; fileEncoding = 4; lastKnownFileType = sourcecode.c.h; path = LoginItem.h; sourceTree = "<group>"; };
		8333CAF2174323D500383AD7 /* LoginItem.m */ = {isa = PBXFileReference; fileEncoding = 4; lastKnownFileType = sourcecode.c.objc; path = LoginItem.m; sourceTree = "<group>"; };
		8333CAF81743288400383AD7 /* ApplicationServices.framework */ = {isa = PBXFileReference; lastKnownFileType = wrapper.framework; name = ApplicationServices.framework; path = System/Library/Frameworks/ApplicationServices.framework; sourceTree = SDKROOT; };
		833B964C16B0CA4100C2A017 /* FC Menu Utility.app */ = {isa = PBXFileReference; explicitFileType = wrapper.application; includeInIndex = 0; path = "FC Menu Utility.app"; sourceTree = BUILT_PRODUCTS_DIR; };
		833B965016B0CA4100C2A017 /* Cocoa.framework */ = {isa = PBXFileReference; lastKnownFileType = wrapper.framework; name = Cocoa.framework; path = System/Library/Frameworks/Cocoa.framework; sourceTree = SDKROOT; };
		833B965316B0CA4100C2A017 /* AppKit.framework */ = {isa = PBXFileReference; lastKnownFileType = wrapper.framework; name = AppKit.framework; path = System/Library/Frameworks/AppKit.framework; sourceTree = SDKROOT; };
		833B965416B0CA4100C2A017 /* CoreData.framework */ = {isa = PBXFileReference; lastKnownFileType = wrapper.framework; name = CoreData.framework; path = System/Library/Frameworks/CoreData.framework; sourceTree = SDKROOT; };
		833B965516B0CA4100C2A017 /* Foundation.framework */ = {isa = PBXFileReference; lastKnownFileType = wrapper.framework; name = Foundation.framework; path = System/Library/Frameworks/Foundation.framework; sourceTree = SDKROOT; };
		8359013A16D30A5D0093F03A /* en */ = {isa = PBXFileReference; lastKnownFileType = text.rtf; name = en; path = en.lproj/Credits.rtf; sourceTree = "<group>"; };
		8359013C16D30A5D0093F03A /* en */ = {isa = PBXFileReference; lastKnownFileType = text.plist.strings; name = en; path = en.lproj/InfoPlist.strings; sourceTree = "<group>"; };
		8359013D16D30A5D0093F03A /* FCAppDelegate.h */ = {isa = PBXFileReference; fileEncoding = 4; lastKnownFileType = sourcecode.c.h; path = FCAppDelegate.h; sourceTree = "<group>"; };
		8359013E16D30A5D0093F03A /* FCAppDelegate.m */ = {isa = PBXFileReference; fileEncoding = 4; lastKnownFileType = sourcecode.c.objc; path = FCAppDelegate.m; sourceTree = "<group>"; };
		8359013F16D30A5D0093F03A /* FCMenuItemDelegate.h */ = {isa = PBXFileReference; fileEncoding = 4; lastKnownFileType = sourcecode.c.h; path = FCMenuItemDelegate.h; sourceTree = "<group>"; };
		8359014016D30A5D0093F03A /* FCMenuItemDelegate.m */ = {isa = PBXFileReference; fileEncoding = 4; lastKnownFileType = sourcecode.c.objc; path = FCMenuItemDelegate.m; sourceTree = "<group>"; };
		8359014116D30A5D0093F03A /* FCMenuItemView.h */ = {isa = PBXFileReference; fileEncoding = 4; lastKnownFileType = sourcecode.c.h; path = FCMenuItemView.h; sourceTree = "<group>"; };
		8359014216D30A5D0093F03A /* FCMenuItemView.m */ = {isa = PBXFileReference; fileEncoding = 4; lastKnownFileType = sourcecode.c.objc; path = FCMenuItemView.m; sourceTree = "<group>"; };
		8359014516D30A5D0093F03A /* main.m */ = {isa = PBXFileReference; fileEncoding = 4; lastKnownFileType = sourcecode.c.objc; path = main.m; sourceTree = "<group>"; };
		8359014616D30A5D0093F03A /* FC Menu Utility-Info.plist */ = {isa = PBXFileReference; fileEncoding = 4; lastKnownFileType = text.plist.xml; path = "FC Menu Utility-Info.plist"; sourceTree = "<group>"; };
		8359014716D30A5D0093F03A /* FC Menu Utility-Prefix.pch */ = {isa = PBXFileReference; fileEncoding = 4; lastKnownFileType = sourcecode.c.h; path = "FC Menu Utility-Prefix.pch"; sourceTree = "<group>"; };
		8359015216D30A6F0093F03A /* alt-icon.png */ = {isa = PBXFileReference; lastKnownFileType = image.png; path = "alt-icon.png"; sourceTree = "<group>"; };
		8359015316D30A6F0093F03A /* alt-icon@2x.png */ = {isa = PBXFileReference; lastKnownFileType = image.png; path = "alt-icon@2x.png"; sourceTree = "<group>"; };
		8359015416D30A6F0093F03A /* icon.png */ = {isa = PBXFileReference; lastKnownFileType = image.png; path = icon.png; sourceTree = "<group>"; };
		8359015516D30A6F0093F03A /* icon@2x.png */ = {isa = PBXFileReference; lastKnownFileType = image.png; path = "icon@2x.png"; sourceTree = "<group>"; };
		83E7E8D117360A6B0026046F /* SecurityFoundation.framework */ = {isa = PBXFileReference; lastKnownFileType = wrapper.framework; name = SecurityFoundation.framework; path = System/Library/Frameworks/SecurityFoundation.framework; sourceTree = SDKROOT; };
		83E7E8D317373A430026046F /* Sparkle.xcodeproj */ = {isa = PBXFileReference; lastKnownFileType = "wrapper.pb-project"; name = Sparkle.xcodeproj; path = Sparkle.framework/Sparkle.xcodeproj; sourceTree = "<group>"; };
		83FED5D917123A5100ABDDFF /* Layout */ = {isa = PBXFileReference; lastKnownFileType = folder; path = Layout; sourceTree = "<group>"; };
/* End PBXFileReference section */

/* Begin PBXFrameworksBuildPhase section */
		8333CAE1174322F700383AD7 /* Frameworks */ = {
			isa = PBXFrameworksBuildPhase;
			buildActionMask = 2147483647;
			files = (
				8333CAE6174322F700383AD7 /* Foundation.framework in Frameworks */,
				8333CAF91743288400383AD7 /* ApplicationServices.framework in Frameworks */,
				8333CAFA1743310C00383AD7 /* SecurityFoundation.framework in Frameworks */,
			);
			runOnlyForDeploymentPostprocessing = 0;
		};
		833B964916B0CA4100C2A017 /* Frameworks */ = {
			isa = PBXFrameworksBuildPhase;
			buildActionMask = 2147483647;
			files = (
				833B965116B0CA4100C2A017 /* Cocoa.framework in Frameworks */,
				83E7E8D217360A6B0026046F /* SecurityFoundation.framework in Frameworks */,
				83E7E8E717373AE70026046F /* Sparkle.framework in Frameworks */,
			);
			runOnlyForDeploymentPostprocessing = 0;
		};
/* End PBXFrameworksBuildPhase section */

/* Begin PBXGroup section */
		8333CAE7174322F700383AD7 /* Login Item */ = {
			isa = PBXGroup;
			children = (
				8333CAE8174322F700383AD7 /* main.m */,
				8333CAF11743237E00383AD7 /* LoginItem.h */,
				8333CAF2174323D500383AD7 /* LoginItem.m */,
				8333CAEA174322F700383AD7 /* Supporting Files */,
				8333CAFB1743373B00383AD7 /* Frameworks */,
			);
			path = "Login Item";
			sourceTree = "<group>";
		};
		8333CAEA174322F700383AD7 /* Supporting Files */ = {
			isa = PBXGroup;
			children = (
				8333CAEB174322F700383AD7 /* Login Item-Prefix.pch */,
			);
			name = "Supporting Files";
			sourceTree = "<group>";
		};
		8333CAFB1743373B00383AD7 /* Frameworks */ = {
			isa = PBXGroup;
			children = (
				8333CAF81743288400383AD7 /* ApplicationServices.framework */,
			);
			name = Frameworks;
			sourceTree = "<group>";
		};
		833B964116B0CA4100C2A017 = {
			isa = PBXGroup;
			children = (
				8359015116D30A6F0093F03A /* Resources */,
				8359013716D30A5D0093F03A /* FC Menu Utility */,
				8333CAE7174322F700383AD7 /* Login Item */,
				833B964F16B0CA4100C2A017 /* Frameworks */,
				833B964D16B0CA4100C2A017 /* Products */,
			);
			sourceTree = "<group>";
		};
		833B964D16B0CA4100C2A017 /* Products */ = {
			isa = PBXGroup;
			children = (
				833B964C16B0CA4100C2A017 /* FC Menu Utility.app */,
				8333CAE4174322F700383AD7 /* manage-login-item */,
			);
			name = Products;
			sourceTree = "<group>";
		};
		833B964F16B0CA4100C2A017 /* Frameworks */ = {
			isa = PBXGroup;
			children = (
				83E7E8D317373A430026046F /* Sparkle.xcodeproj */,
				83E7E8D117360A6B0026046F /* SecurityFoundation.framework */,
				833B965016B0CA4100C2A017 /* Cocoa.framework */,
				8333CAD3174321E400383AD7 /* CoreFoundation.framework */,
				8333CAE5174322F700383AD7 /* Foundation.framework */,
				833B965216B0CA4100C2A017 /* Other Frameworks */,
			);
			name = Frameworks;
			sourceTree = "<group>";
		};
		833B965216B0CA4100C2A017 /* Other Frameworks */ = {
			isa = PBXGroup;
			children = (
				833B965316B0CA4100C2A017 /* AppKit.framework */,
				833B965416B0CA4100C2A017 /* CoreData.framework */,
				833B965516B0CA4100C2A017 /* Foundation.framework */,
			);
			name = "Other Frameworks";
			sourceTree = "<group>";
		};
		8359013716D30A5D0093F03A /* FC Menu Utility */ = {
			isa = PBXGroup;
			children = (
				8359013916D30A5D0093F03A /* Credits.rtf */,
				8359013B16D30A5D0093F03A /* InfoPlist.strings */,
				8359013D16D30A5D0093F03A /* FCAppDelegate.h */,
				8359013E16D30A5D0093F03A /* FCAppDelegate.m */,
				8359013F16D30A5D0093F03A /* FCMenuItemDelegate.h */,
				8359014016D30A5D0093F03A /* FCMenuItemDelegate.m */,
				8359014116D30A5D0093F03A /* FCMenuItemView.h */,
				8359014216D30A5D0093F03A /* FCMenuItemView.m */,
				8359014516D30A5D0093F03A /* main.m */,
				8359014616D30A5D0093F03A /* FC Menu Utility-Info.plist */,
				8359014716D30A5D0093F03A /* FC Menu Utility-Prefix.pch */,
			);
			path = "FC Menu Utility";
			sourceTree = "<group>";
		};
		8359015116D30A6F0093F03A /* Resources */ = {
			isa = PBXGroup;
			children = (
				83FED5D917123A5100ABDDFF /* Layout */,
				8359015216D30A6F0093F03A /* alt-icon.png */,
				8359015316D30A6F0093F03A /* alt-icon@2x.png */,
				83163C101711C7BE0004C35E /* fc_menu_icons.icns */,
				8359015416D30A6F0093F03A /* icon.png */,
				8359015516D30A6F0093F03A /* icon@2x.png */,
			);
			path = Resources;
			sourceTree = "<group>";
		};
		83E7E8D417373A430026046F /* Products */ = {
			isa = PBXGroup;
			children = (
				83E7E8DC17373A440026046F /* Sparkle.framework */,
				83E7E8DE17373A440026046F /* Sparkle Test App.app */,
				83E7E8E017373A440026046F /* Sparkle Unit Tests.octest */,
				83E7E8E217373A440026046F /* BinaryDelta */,
				83E7E8E417373A440026046F /* finish_installation.app */,
			);
			name = Products;
			sourceTree = "<group>";
		};
/* End PBXGroup section */

/* Begin PBXNativeTarget section */
		8333CAE3174322F700383AD7 /* Login Item */ = {
			isa = PBXNativeTarget;
			buildConfigurationList = 8333CAEE174322F700383AD7 /* Build configuration list for PBXNativeTarget "Login Item" */;
			buildPhases = (
				8333CAE0174322F700383AD7 /* Sources */,
				8333CAE1174322F700383AD7 /* Frameworks */,
			);
			buildRules = (
			);
			dependencies = (
			);
			name = "Login Item";
			productName = "Login Item";
			productReference = 8333CAE4174322F700383AD7 /* manage-login-item */;
			productType = "com.apple.product-type.tool";
		};
		833B964B16B0CA4100C2A017 /* FC Menu Utility */ = {
			isa = PBXNativeTarget;
			buildConfigurationList = 833B966A16B0CA4200C2A017 /* Build configuration list for PBXNativeTarget "FC Menu Utility" */;
			buildPhases = (
				833B964816B0CA4100C2A017 /* Sources */,
				833B964916B0CA4100C2A017 /* Frameworks */,
				833B964A16B0CA4100C2A017 /* Resources */,
				831FDCDB16FE1E8B00AED851 /* CopyFiles */,
				8333CAF41743266900383AD7 /* CopyFiles */,
			);
			buildRules = (
			);
			dependencies = (
				83E7E8E617373ADA0026046F /* PBXTargetDependency */,
			);
			name = "FC Menu Utility";
			productName = "FC Menu Utility";
			productReference = 833B964C16B0CA4100C2A017 /* FC Menu Utility.app */;
			productType = "com.apple.product-type.application";
		};
/* End PBXNativeTarget section */

/* Begin PBXProject section */
		833B964316B0CA4100C2A017 /* Project object */ = {
			isa = PBXProject;
			attributes = {
				CLASSPREFIX = FC;
				LastUpgradeCheck = 0450;
				ORGANIZATIONNAME = "Jonathan Trull";
			};
			buildConfigurationList = 833B964616B0CA4100C2A017 /* Build configuration list for PBXProject "FC Menu Utility" */;
			compatibilityVersion = "Xcode 3.2";
			developmentRegion = English;
			hasScannedForEncodings = 0;
			knownRegions = (
				en,
			);
			mainGroup = 833B964116B0CA4100C2A017;
			productRefGroup = 833B964D16B0CA4100C2A017 /* Products */;
			projectDirPath = "";
			projectReferences = (
				{
					ProductGroup = 83E7E8D417373A430026046F /* Products */;
					ProjectRef = 83E7E8D317373A430026046F /* Sparkle.xcodeproj */;
				},
			);
			projectRoot = "";
			targets = (
				833B964B16B0CA4100C2A017 /* FC Menu Utility */,
				8333CAE3174322F700383AD7 /* Login Item */,
			);
		};
/* End PBXProject section */

/* Begin PBXReferenceProxy section */
		83E7E8DC17373A440026046F /* Sparkle.framework */ = {
			isa = PBXReferenceProxy;
			fileType = wrapper.framework;
			path = Sparkle.framework;
			remoteRef = 83E7E8DB17373A440026046F /* PBXContainerItemProxy */;
			sourceTree = BUILT_PRODUCTS_DIR;
		};
		83E7E8DE17373A440026046F /* Sparkle Test App.app */ = {
			isa = PBXReferenceProxy;
			fileType = wrapper.application;
			path = "Sparkle Test App.app";
			remoteRef = 83E7E8DD17373A440026046F /* PBXContainerItemProxy */;
			sourceTree = BUILT_PRODUCTS_DIR;
		};
		83E7E8E017373A440026046F /* Sparkle Unit Tests.octest */ = {
			isa = PBXReferenceProxy;
			fileType = wrapper.cfbundle;
			path = "Sparkle Unit Tests.octest";
			remoteRef = 83E7E8DF17373A440026046F /* PBXContainerItemProxy */;
			sourceTree = BUILT_PRODUCTS_DIR;
		};
		83E7E8E217373A440026046F /* BinaryDelta */ = {
			isa = PBXReferenceProxy;
			fileType = "compiled.mach-o.executable";
			path = BinaryDelta;
			remoteRef = 83E7E8E117373A440026046F /* PBXContainerItemProxy */;
			sourceTree = BUILT_PRODUCTS_DIR;
		};
		83E7E8E417373A440026046F /* finish_installation.app */ = {
			isa = PBXReferenceProxy;
			fileType = wrapper.application;
			path = finish_installation.app;
			remoteRef = 83E7E8E317373A440026046F /* PBXContainerItemProxy */;
			sourceTree = BUILT_PRODUCTS_DIR;
		};
/* End PBXReferenceProxy section */

/* Begin PBXResourcesBuildPhase section */
		833B964A16B0CA4100C2A017 /* Resources */ = {
			isa = PBXResourcesBuildPhase;
			buildActionMask = 2147483647;
			files = (
				8359014916D30A5D0093F03A /* Credits.rtf in Resources */,
				8359014A16D30A5D0093F03A /* InfoPlist.strings in Resources */,
				8359015816D30A6F0093F03A /* alt-icon.png in Resources */,
				8359015916D30A6F0093F03A /* alt-icon@2x.png in Resources */,
				8359015A16D30A6F0093F03A /* icon.png in Resources */,
				8359015B16D30A6F0093F03A /* icon@2x.png in Resources */,
				83163C111711C7BE0004C35E /* fc_menu_icons.icns in Resources */,
				83FED5DA17123A5100ABDDFF /* Layout in Resources */,
			);
			runOnlyForDeploymentPostprocessing = 0;
		};
/* End PBXResourcesBuildPhase section */

/* Begin PBXSourcesBuildPhase section */
		8333CAE0174322F700383AD7 /* Sources */ = {
			isa = PBXSourcesBuildPhase;
			buildActionMask = 2147483647;
			files = (
				8333CAE9174322F700383AD7 /* main.m in Sources */,
				8333CAF3174323D500383AD7 /* LoginItem.m in Sources */,
			);
			runOnlyForDeploymentPostprocessing = 0;
		};
		833B964816B0CA4100C2A017 /* Sources */ = {
			isa = PBXSourcesBuildPhase;
			buildActionMask = 2147483647;
			files = (
				8359014B16D30A5D0093F03A /* FCAppDelegate.m in Sources */,
				8359014C16D30A5D0093F03A /* FCMenuItemDelegate.m in Sources */,
				8359014D16D30A5D0093F03A /* FCMenuItemView.m in Sources */,
				8359014F16D30A5D0093F03A /* main.m in Sources */,
			);
			runOnlyForDeploymentPostprocessing = 0;
		};
/* End PBXSourcesBuildPhase section */

/* Begin PBXTargetDependency section */
		83E7E8E617373ADA0026046F /* PBXTargetDependency */ = {
			isa = PBXTargetDependency;
			name = Sparkle;
			targetProxy = 83E7E8E517373ADA0026046F /* PBXContainerItemProxy */;
		};
/* End PBXTargetDependency section */

/* Begin PBXVariantGroup section */
		8359013916D30A5D0093F03A /* Credits.rtf */ = {
			isa = PBXVariantGroup;
			children = (
				8359013A16D30A5D0093F03A /* en */,
			);
			name = Credits.rtf;
			sourceTree = "<group>";
		};
		8359013B16D30A5D0093F03A /* InfoPlist.strings */ = {
			isa = PBXVariantGroup;
			children = (
				8359013C16D30A5D0093F03A /* en */,
			);
			name = InfoPlist.strings;
			sourceTree = "<group>";
		};
/* End PBXVariantGroup section */

/* Begin XCBuildConfiguration section */
		8333CAEF174322F700383AD7 /* Debug */ = {
			isa = XCBuildConfiguration;
			buildSettings = {
				CLANG_ENABLE_OBJC_ARC = NO;
				CLANG_WARN_CONSTANT_CONVERSION = YES;
				CLANG_WARN_ENUM_CONVERSION = YES;
				CLANG_WARN_INT_CONVERSION = YES;
				GCC_PRECOMPILE_PREFIX_HEADER = YES;
				GCC_PREFIX_HEADER = "Login Item/Login Item-Prefix.pch";
				LIBRARY_SEARCH_PATHS = (
					"$(inherited)",
					"\"$(SDKROOT)/usr/lib/system\"",
				);
				MACOSX_DEPLOYMENT_TARGET = 10.6;
				PRODUCT_NAME = "manage-login-item";
			};
			name = Debug;
		};
		8333CAF0174322F700383AD7 /* Release */ = {
			isa = XCBuildConfiguration;
			buildSettings = {
				CLANG_ENABLE_OBJC_ARC = NO;
				CLANG_WARN_CONSTANT_CONVERSION = YES;
				CLANG_WARN_ENUM_CONVERSION = YES;
				CLANG_WARN_INT_CONVERSION = YES;
				GCC_PRECOMPILE_PREFIX_HEADER = YES;
				GCC_PREFIX_HEADER = "Login Item/Login Item-Prefix.pch";
				LIBRARY_SEARCH_PATHS = (
					"$(inherited)",
					"\"$(SDKROOT)/usr/lib/system\"",
				);
				MACOSX_DEPLOYMENT_TARGET = 10.6;
				PRODUCT_NAME = "manage-login-item";
			};
			name = Release;
		};
		833B966816B0CA4200C2A017 /* Debug */ = {
			isa = XCBuildConfiguration;
			buildSettings = {
				ALWAYS_SEARCH_USER_PATHS = NO;
				ARCHS = "$(ARCHS_STANDARD_64_BIT)";
				CLANG_CXX_LANGUAGE_STANDARD = "gnu++0x";
				CLANG_CXX_LIBRARY = "libc++";
				CLANG_ENABLE_OBJC_ARC = YES;
				CLANG_WARN_EMPTY_BODY = YES;
				CLANG_WARN__DUPLICATE_METHOD_MATCH = YES;
				COPY_PHASE_STRIP = NO;
				GCC_C_LANGUAGE_STANDARD = gnu99;
				GCC_DYNAMIC_NO_PIC = NO;
				GCC_ENABLE_OBJC_EXCEPTIONS = YES;
				GCC_OPTIMIZATION_LEVEL = 0;
				GCC_PREPROCESSOR_DEFINITIONS = (
					"DEBUG=1",
					"$(inherited)",
				);
				GCC_SYMBOLS_PRIVATE_EXTERN = NO;
				GCC_WARN_64_TO_32_BIT_CONVERSION = YES;
				GCC_WARN_ABOUT_RETURN_TYPE = YES;
				GCC_WARN_UNINITIALIZED_AUTOS = YES;
				GCC_WARN_UNUSED_VARIABLE = YES;
				MACOSX_DEPLOYMENT_TARGET = 10.6;
				ONLY_ACTIVE_ARCH = YES;
				SDKROOT = macosx;
				VALID_ARCHS = x86_64;
			};
			name = Debug;
		};
		833B966916B0CA4200C2A017 /* Release */ = {
			isa = XCBuildConfiguration;
			buildSettings = {
				ALWAYS_SEARCH_USER_PATHS = NO;
				ARCHS = "$(ARCHS_STANDARD_64_BIT)";
				CLANG_CXX_LANGUAGE_STANDARD = "gnu++0x";
				CLANG_CXX_LIBRARY = "libc++";
				CLANG_ENABLE_OBJC_ARC = YES;
				CLANG_WARN_EMPTY_BODY = YES;
				CLANG_WARN__DUPLICATE_METHOD_MATCH = YES;
				COPY_PHASE_STRIP = YES;
				DEBUG_INFORMATION_FORMAT = "dwarf-with-dsym";
				GCC_C_LANGUAGE_STANDARD = gnu99;
				GCC_ENABLE_OBJC_EXCEPTIONS = YES;
				GCC_WARN_64_TO_32_BIT_CONVERSION = YES;
				GCC_WARN_ABOUT_RETURN_TYPE = YES;
				GCC_WARN_UNINITIALIZED_AUTOS = YES;
				GCC_WARN_UNUSED_VARIABLE = YES;
				MACOSX_DEPLOYMENT_TARGET = 10.6;
				SDKROOT = macosx;
				VALID_ARCHS = x86_64;
			};
			name = Release;
		};
		833B966B16B0CA4200C2A017 /* Debug */ = {
			isa = XCBuildConfiguration;
			buildSettings = {
				COMBINE_HIDPI_IMAGES = YES;
				FRAMEWORK_SEARCH_PATHS = (
					"$(inherited)",
					"\"$(SRCROOT)\"",
				);
				GCC_PRECOMPILE_PREFIX_HEADER = YES;
				GCC_PREFIX_HEADER = "FC Menu Utility/FC Menu Utility-Prefix.pch";
				INFOPLIST_FILE = "FC Menu Utility/FC Menu Utility-Info.plist";
				PRODUCT_NAME = "FC Menu Utility";
				WRAPPER_EXTENSION = app;
			};
			name = Debug;
		};
		833B966C16B0CA4200C2A017 /* Release */ = {
			isa = XCBuildConfiguration;
			buildSettings = {
				COMBINE_HIDPI_IMAGES = YES;
				FRAMEWORK_SEARCH_PATHS = (
					"$(inherited)",
					"\"$(SRCROOT)\"",
				);
				GCC_PRECOMPILE_PREFIX_HEADER = YES;
				GCC_PREFIX_HEADER = "FC Menu Utility/FC Menu Utility-Prefix.pch";
				INFOPLIST_FILE = "FC Menu Utility/FC Menu Utility-Info.plist";
				PRODUCT_NAME = "FC Menu Utility";
				WRAPPER_EXTENSION = app;
			};
			name = Release;
		};
/* End XCBuildConfiguration section */

/* Begin XCConfigurationList section */
		8333CAEE174322F700383AD7 /* Build configuration list for PBXNativeTarget "Login Item" */ = {
			isa = XCConfigurationList;
			buildConfigurations = (
				8333CAEF174322F700383AD7 /* Debug */,
				8333CAF0174322F700383AD7 /* Release */,
			);
			defaultConfigurationIsVisible = 0;
			defaultConfigurationName = Release;
		};
		833B964616B0CA4100C2A017 /* Build configuration list for PBXProject "FC Menu Utility" */ = {
			isa = XCConfigurationList;
			buildConfigurations = (
				833B966816B0CA4200C2A017 /* Debug */,
				833B966916B0CA4200C2A017 /* Release */,
			);
			defaultConfigurationIsVisible = 0;
			defaultConfigurationName = Release;
		};
		833B966A16B0CA4200C2A017 /* Build configuration list for PBXNativeTarget "FC Menu Utility" */ = {
			isa = XCConfigurationList;
			buildConfigurations = (
				833B966B16B0CA4200C2A017 /* Debug */,
				833B966C16B0CA4200C2A017 /* Release */,
			);
			defaultConfigurationIsVisible = 0;
			defaultConfigurationName = Release;
		};
/* End XCConfigurationList section */
	};
	rootObject = 833B964316B0CA4100C2A017 /* Project object */;
}
